
Microsoft Visual Studio Solution File, Format Version 12.00
# Visual Studio Version 16
VisualStudioVersion = 16.0.31313.79
MinimumVisualStudioVersion = 10.0.40219.1
Project("{FAE04EC0-301F-11D3-BF4B-00C04F79EFBC}") = "Middleware", "Middleware\Middleware.csproj", "{D12FCFC2-8FE1-45A4-B58B-BCAE5760DED4}"
EndProject
Global
	GlobalSection(SolutionConfigurationPlatforms) = preSolution
		Debug|Any CPU = Debug|Any CPU
		Release|Any CPU = Release|Any CPU
	EndGlobalSection
	GlobalSection(ProjectConfigurationPlatforms) = postSolution
		{D12FCFC2-8FE1-45A4-B58B-BCAE5760DED4}.Debug|Any CPU.ActiveCfg = Debug|Any CPU
		{D12FCFC2-8FE1-45A4-B58B-BCAE5760DED4}.Debug|Any CPU.Build.0 = Debug|Any CPU
		{D12FCFC2-8FE1-45A4-B58B-BCAE5760DED4}.Release|Any CPU.ActiveCfg = Release|Any CPU
		{D12FCFC2-8FE1-45A4-B58B-BCAE5760DED4}.Release|Any CPU.Build.0 = Release|Any CPU
	EndGlobalSection
	GlobalSection(SolutionProperties) = preSolution
		HideSolutionNode = FALSE
	EndGlobalSection
	GlobalSection(ExtensibilityGlobals) = postSolution
		SolutionGuid = {35B5B01B-EDC3-4832-9959-0C37C614FB0D}
	EndGlobalSection
EndGlobal
